
Microsoft Visual Studio Solution File, Format Version 12.00
# Visual Studio 15
VisualStudioVersion = 15.0.28307.1209
MinimumVisualStudioVersion = 10.0.40219.1
Project("{8BC9CEB8-8B4A-11D0-8D11-00A0C91BC942}") = "LAB", "LAB\LAB.vcxproj", "{EE6A9D7F-831B-4EEA-A9C7-A259F53B95D4}"
EndProject
Global
	GlobalSection(SolutionConfigurationPlatforms) = preSolution
		Debug|x64 = Debug|x64
		Debug|x86 = Debug|x86
		Release|x64 = Release|x64
		Release|x86 = Release|x86
	EndGlobalSection
	GlobalSection(ProjectConfigurationPlatforms) = postSolution
		{EE6A9D7F-831B-4EEA-A9C7-A259F53B95D4}.Debug|x64.ActiveCfg = Debug|x64
		{EE6A9D7F-831B-4EEA-A9C7-A259F53B95D4}.Debug|x64.Build.0 = Debug|x64
		{EE6A9D7F-831B-4EEA-A9C7-A259F53B95D4}.Debug|x86.ActiveCfg = Debug|Win32
		{EE6A9D7F-831B-4EEA-A9C7-A259F53B95D4}.Debug|x86.Build.0 = Debug|Win32
		{EE6A9D7F-831B-4EEA-A9C7-A259F53B95D4}.Release|x64.ActiveCfg = Release|x64
		{EE6A9D7F-831B-4EEA-A9C7-A259F53B95D4}.Release|x64.Build.0 = Release|x64
		{EE6A9D7F-831B-4EEA-A9C7-A259F53B95D4}.Release|x86.ActiveCfg = Release|Win32
		{EE6A9D7F-831B-4EEA-A9C7-A259F53B95D4}.Release|x86.Build.0 = Release|Win32
	EndGlobalSection
	GlobalSection(SolutionProperties) = preSolution
		HideSolutionNode = FALSE
	EndGlobalSection
	GlobalSection(ExtensibilityGlobals) = postSolution
		SolutionGuid = {4018CD61-126D-41D0-952E-560A8E35E48A}
	EndGlobalSection
EndGlobal
